
Microsoft Visual Studio Solution File, Format Version 12.00
# Visual Studio Version 17
VisualStudioVersion = 17.14.36915.13 d17.14
MinimumVisualStudioVersion = 10.0.40219.1
Project("{FAE04EC0-301F-11D3-BF4B-00C04F79EFBC}") = "SwitchStatement", "SwitchStatement.csproj", "{5CCB35F8-3E4E-414E-9125-FFB53E806858}"
EndProject
Global
	GlobalSection(SolutionConfigurationPlatforms) = preSolution
		Debug|Any CPU = Debug|Any CPU
		Release|Any CPU = Release|Any CPU
	EndGlobalSection
	GlobalSection(ProjectConfigurationPlatforms) = postSolution
		{5CCB35F8-3E4E-414E-9125-FFB53E806858}.Debug|Any CPU.ActiveCfg = Debug|Any CPU
		{5CCB35F8-3E4E-414E-9125-FFB53E806858}.Debug|Any CPU.Build.0 = Debug|Any CPU
		{5CCB35F8-3E4E-414E-9125-FFB53E806858}.Release|Any CPU.ActiveCfg = Release|Any CPU
		{5CCB35F8-3E4E-414E-9125-FFB53E806858}.Release|Any CPU.Build.0 = Release|Any CPU
	EndGlobalSection
	GlobalSection(SolutionProperties) = preSolution
		HideSolutionNode = FALSE
	EndGlobalSection
	GlobalSection(ExtensibilityGlobals) = postSolution
		SolutionGuid = {9A8BAD02-A16D-4ADD-A198-2F39845EA188}
	EndGlobalSection
EndGlobal
