
Microsoft Visual Studio Solution File, Format Version 12.00
# Visual Studio Version 17
VisualStudioVersion = 17.14.36915.13 d17.14
MinimumVisualStudioVersion = 10.0.40219.1
Project("{FAE04EC0-301F-11D3-BF4B-00C04F79EFBC}") = "DailyzReport", "DailyzReport.csproj", "{4D9DA78A-2DED-47EE-B960-9E8BE8CCCBFA}"
EndProject
Global
	GlobalSection(SolutionConfigurationPlatforms) = preSolution
		Debug|Any CPU = Debug|Any CPU
		Release|Any CPU = Release|Any CPU
	EndGlobalSection
	GlobalSection(ProjectConfigurationPlatforms) = postSolution
		{4D9DA78A-2DED-47EE-B960-9E8BE8CCCBFA}.Debug|Any CPU.ActiveCfg = Debug|Any CPU
		{4D9DA78A-2DED-47EE-B960-9E8BE8CCCBFA}.Debug|Any CPU.Build.0 = Debug|Any CPU
		{4D9DA78A-2DED-47EE-B960-9E8BE8CCCBFA}.Release|Any CPU.ActiveCfg = Release|Any CPU
		{4D9DA78A-2DED-47EE-B960-9E8BE8CCCBFA}.Release|Any CPU.Build.0 = Release|Any CPU
	EndGlobalSection
	GlobalSection(SolutionProperties) = preSolution
		HideSolutionNode = FALSE
	EndGlobalSection
	GlobalSection(ExtensibilityGlobals) = postSolution
		SolutionGuid = {083AEA09-D602-4464-A5A1-4CCE720EA37D}
	EndGlobalSection
EndGlobal
